{
  "version": 4,
  "terraform_version": "0.12.8",
  "serial": 39,
  "lineage": "31b2a1ef-79c8-b4b2-83fb-76cb0f69971d",
  "outputs": {
    "config-map-aws-auth": {
      "value": "\n\napiVersion: v1\nkind: ConfigMap\nmetadata:\n  name: aws-auth\n  namespace: kube-system\ndata:\n  mapRoles: |\n    - rolearn: arn:aws:iam::653633530545:role/eks-node\n      username: system:node:{{EC2PrivateDNSName}}\n      groups:\n        - system:bootstrappers\n        - system:nodes\n",
      "type": "string"
    },
    "kubeconfig": {
      "value": "\n\napiVersion: v1\nclusters:\n- cluster:\n    server: https://F9D82BD2D089825450D46B9EE7E59270.yl4.eu-west-3.eks.amazonaws.com\n    certificate-authority-data: LS0tLS1CRUdJTiBDRVJUSUZJQ0FURS0tLS0tCk1JSUN5RENDQWJDZ0F3SUJBZ0lCQURBTkJna3Foa2lHOXcwQkFRc0ZBREFWTVJNd0VRWURWUVFERXdwcmRXSmwKY201bGRHVnpNQjRYRFRFNU1Ea3lOekV4TVRJeE5Gb1hEVEk1TURreU5ERXhNVEl4TkZvd0ZURVRNQkVHQTFVRQpBeE1LYTNWaVpYSnVaWFJsY3pDQ0FTSXdEUVlKS29aSWh2Y05BUUVCQlFBRGdnRVBBRENDQVFvQ2dnRUJBTGhLCnEyWnVrdXFGa0hMVWdyV2l2ektSdi9BWmVBVkgvZUU3Nis5b3Q2K0FpNU1FMzZ4eXZ0ekpod1ZyM2toemh5cUkKdzdqeW5PVlRhczZOZ3N3cy8zQys3dWpaUHZWU0VRT3d4TmVzK1ZUTmxDaEVYb29wWGdhSFdsaEJ5dlByT3pPVgpocEFCaTQ2Vll6dGZPdG1FMG93MFBRZEVDZmxPUXM2VHE2NiswZm1uWXdpUVMvU2tUWFpvVmJGRCsyajdiU0lICmttYTZjY1E4OVY2ZkVwWE1lT2NvYWYyMDFIamhXVVhwUlRKdFQ3RkkxNnRqUmQ2cEdhcDE1TENwV1F5ck9MdUUKMWtoUTBNU1kwcm1PcFdqaklTNFdIaXptUXM0UTl4Z0dvb2ZzbHJFK0xKSVJSVThXOE1WczllWHVab1RPRTRJcwpMS1hlNkN1d3BWT2YxY2NBTFlNQ0F3RUFBYU1qTUNFd0RnWURWUjBQQVFIL0JBUURBZ0trTUE4R0ExVWRFd0VCCi93UUZNQU1CQWY4d0RRWUpLb1pJaHZjTkFRRUxCUUFEZ2dFQkFLbUQ5L21HeU9iS2l1MnI0aWhQNjBrOXlZd2wKQkhPU2s5ZVc3aWdKYm5rL3JUSU8wdFMraHVRZjRkTlhqTEo1L0JPZXhGV3BJblpEd042Y2hMd1hGSFBETHFXMAphcTFEai9OOFB5QTFNclFUdkF1OXFqa0N0cFBGc0NaNWhwYlNMQkF0em9KM2tqMWxBVDVOOTROWmNDek5OQjUxCks2MnRZZHdoWEloY3RvUXpXV2NHcE4vcm5Vb1IvTTZKWEwreTdhWlU2T05JUEc2Yis2Zmc4UjFBckEvZmJHL2MKTlFQSnR4a2RpYXU3WFVodUhaZ0tlSjdPeERKK3B4ZmlhK2d2bW5YMEg0UXN2NmNTL0hKQkkzY3JQQ0t1WVptRQpqTDNtalJZbncxMmliWTdTNzE5aVVPNjhpME1JV3RmTFI3T2ExYXVrZTNJNVEvQXY4c2JBYUtMTlBCdz0KLS0tLS1FTkQgQ0VSVElGSUNBVEUtLS0tLQo=\n  name: kubernetes\ncontexts:\n- context:\n    cluster: kubernetes\n    user: aws\n  name: aws\ncurrent-context: aws\nkind: Config\npreferences: {}\nusers:\n- name: aws\n  user:\n    exec:\n      apiVersion: client.authentication.k8s.io/v1alpha1\n      command: aws-iam-authenticator\n      args:\n        - \"token\"\n        - \"-i\"\n        - \"eks-demo\"\n",
      "type": "string"
    }
  },
  "resources": [
    {
      "mode": "data",
      "type": "aws_availability_zones",
      "name": "available",
      "provider": "provider.aws",
      "instances": [
        {
          "schema_version": 0,
          "attributes": {
            "blacklisted_names": null,
            "blacklisted_zone_ids": null,
            "id": "2019-09-27 11:05:35.576664 +0000 UTC",
            "names": [
              "eu-west-3a",
              "eu-west-3b",
              "eu-west-3c"
            ],
            "state": null,
            "zone_ids": [
              "euw3-az1",
              "euw3-az2",
              "euw3-az3"
            ]
          }
        }
      ]
    },
    {
      "mode": "data",
      "type": "aws_region",
      "name": "current",
      "provider": "provider.aws",
      "instances": [
        {
          "schema_version": 0,
          "attributes": {
            "current": null,
            "description": "EU (Paris)",
            "endpoint": "ec2.eu-west-3.amazonaws.com",
            "id": "eu-west-3",
            "name": "eu-west-3"
          }
        }
      ]
    },
    {
      "mode": "data",
      "type": "http",
      "name": "workstation-external-ip",
      "provider": "provider.http",
      "instances": [
        {
          "schema_version": 0,
          "attributes": {
            "body": "213.58.201.38\n",
            "id": "2019-09-27 11:05:33.30926 +0000 UTC",
            "request_headers": null,
            "url": "http://ipv4.icanhazip.com"
          }
        }
      ]
    },
    {
      "mode": "managed",
      "type": "aws_autoscaling_group",
      "name": "eks-private-asg",
      "provider": "provider.aws",
      "instances": []
    },
    {
      "mode": "managed",
      "type": "aws_autoscaling_policy",
      "name": "eks-cpu-policy-private",
      "provider": "provider.aws",
      "instances": []
    },
    {
      "mode": "managed",
      "type": "aws_autoscaling_policy",
      "name": "eks-cpu-policy-scaledown-private",
      "provider": "provider.aws",
      "instances": []
    },
    {
      "mode": "managed",
      "type": "aws_cloudwatch_metric_alarm",
      "name": "eks-cpu-alarm-private",
      "provider": "provider.aws",
      "instances": []
    },
    {
      "mode": "managed",
      "type": "aws_cloudwatch_metric_alarm",
      "name": "eks-cpu-alarm-scaledown-private",
      "provider": "provider.aws",
      "instances": []
    },
    {
      "mode": "managed",
      "type": "aws_eip",
      "name": "nat",
      "provider": "provider.aws",
      "instances": [
        {
          "schema_version": 0,
          "attributes": {
            "allocation_id": null,
            "associate_with_private_ip": null,
            "association_id": "",
            "domain": "vpc",
            "id": "eipalloc-09145b826e345d0e7",
            "instance": "",
            "network_interface": "",
            "private_dns": null,
            "private_ip": "",
            "public_dns": "ec2-15-188-20-161.eu-west-3.compute.amazonaws.com",
            "public_ip": "15.188.20.161",
            "public_ipv4_pool": "amazon",
            "tags": null,
            "timeouts": null,
            "vpc": true
          },
          "private": "eyJlMmJmYjczMC1lY2FhLTExZTYtOGY4OC0zNDM2M2JjN2M0YzAiOnsiZGVsZXRlIjoxODAwMDAwMDAwMDAsInJlYWQiOjkwMDAwMDAwMDAwMCwidXBkYXRlIjozMDAwMDAwMDAwMDB9fQ=="
        }
      ]
    },
    {
      "mode": "managed",
      "type": "aws_eks_cluster",
      "name": "eks-cluster",
      "provider": "provider.aws",
      "instances": [
        {
          "schema_version": 0,
          "attributes": {
            "arn": "arn:aws:eks:eu-west-3:653633530545:cluster/eks-demo",
            "certificate_authority": [
              {
                "data": "LS0tLS1CRUdJTiBDRVJUSUZJQ0FURS0tLS0tCk1JSUN5RENDQWJDZ0F3SUJBZ0lCQURBTkJna3Foa2lHOXcwQkFRc0ZBREFWTVJNd0VRWURWUVFERXdwcmRXSmwKY201bGRHVnpNQjRYRFRFNU1Ea3lOekV4TVRJeE5Gb1hEVEk1TURreU5ERXhNVEl4TkZvd0ZURVRNQkVHQTFVRQpBeE1LYTNWaVpYSnVaWFJsY3pDQ0FTSXdEUVlKS29aSWh2Y05BUUVCQlFBRGdnRVBBRENDQVFvQ2dnRUJBTGhLCnEyWnVrdXFGa0hMVWdyV2l2ektSdi9BWmVBVkgvZUU3Nis5b3Q2K0FpNU1FMzZ4eXZ0ekpod1ZyM2toemh5cUkKdzdqeW5PVlRhczZOZ3N3cy8zQys3dWpaUHZWU0VRT3d4TmVzK1ZUTmxDaEVYb29wWGdhSFdsaEJ5dlByT3pPVgpocEFCaTQ2Vll6dGZPdG1FMG93MFBRZEVDZmxPUXM2VHE2NiswZm1uWXdpUVMvU2tUWFpvVmJGRCsyajdiU0lICmttYTZjY1E4OVY2ZkVwWE1lT2NvYWYyMDFIamhXVVhwUlRKdFQ3RkkxNnRqUmQ2cEdhcDE1TENwV1F5ck9MdUUKMWtoUTBNU1kwcm1PcFdqaklTNFdIaXptUXM0UTl4Z0dvb2ZzbHJFK0xKSVJSVThXOE1WczllWHVab1RPRTRJcwpMS1hlNkN1d3BWT2YxY2NBTFlNQ0F3RUFBYU1qTUNFd0RnWURWUjBQQVFIL0JBUURBZ0trTUE4R0ExVWRFd0VCCi93UUZNQU1CQWY4d0RRWUpLb1pJaHZjTkFRRUxCUUFEZ2dFQkFLbUQ5L21HeU9iS2l1MnI0aWhQNjBrOXlZd2wKQkhPU2s5ZVc3aWdKYm5rL3JUSU8wdFMraHVRZjRkTlhqTEo1L0JPZXhGV3BJblpEd042Y2hMd1hGSFBETHFXMAphcTFEai9OOFB5QTFNclFUdkF1OXFqa0N0cFBGc0NaNWhwYlNMQkF0em9KM2tqMWxBVDVOOTROWmNDek5OQjUxCks2MnRZZHdoWEloY3RvUXpXV2NHcE4vcm5Vb1IvTTZKWEwreTdhWlU2T05JUEc2Yis2Zmc4UjFBckEvZmJHL2MKTlFQSnR4a2RpYXU3WFVodUhaZ0tlSjdPeERKK3B4ZmlhK2d2bW5YMEg0UXN2NmNTL0hKQkkzY3JQQ0t1WVptRQpqTDNtalJZbncxMmliWTdTNzE5aVVPNjhpME1JV3RmTFI3T2ExYXVrZTNJNVEvQXY4c2JBYUtMTlBCdz0KLS0tLS1FTkQgQ0VSVElGSUNBVEUtLS0tLQo="
              }
            ],
            "created_at": "2019-09-27 11:05:57 +0000 UTC",
            "enabled_cluster_log_types": null,
            "endpoint": "https://F9D82BD2D089825450D46B9EE7E59270.yl4.eu-west-3.eks.amazonaws.com",
            "id": "eks-demo",
            "identity": [
              {
                "oidc": [
                  {
                    "issuer": "https://oidc.eks.eu-west-3.amazonaws.com/id/F9D82BD2D089825450D46B9EE7E59270"
                  }
                ]
              }
            ],
            "name": "eks-demo",
            "platform_version": "eks.1",
            "role_arn": "arn:aws:iam::653633530545:role/terraform-eks-cluster",
            "status": "ACTIVE",
            "timeouts": null,
            "version": "1.14",
            "vpc_config": [
              {
                "endpoint_private_access": false,
                "endpoint_public_access": true,
                "security_group_ids": [
                  "sg-0e653f1e6b44023de"
                ],
                "subnet_ids": [
                  "subnet-05ea3c658b2ff8494",
                  "subnet-08ce04eeeba2537ef",
                  "subnet-09397e525f1b53dff",
                  "subnet-0b5675abd018c4cbc",
                  "subnet-0c956689b24c2927a",
                  "subnet-0de8501cda3fc4397"
                ],
                "vpc_id": "vpc-047757bf09ae73b45"
              }
            ]
          },
          "private": "eyJlMmJmYjczMC1lY2FhLTExZTYtOGY4OC0zNDM2M2JjN2M0YzAiOnsiY3JlYXRlIjoxODAwMDAwMDAwMDAwLCJkZWxldGUiOjkwMDAwMDAwMDAwMCwidXBkYXRlIjozNjAwMDAwMDAwMDAwfX0=",
          "depends_on": [
            "aws_iam_role.eks-cluster",
            "aws_iam_role_policy_attachment.eks-cluster-AmazonEKSClusterPolicy",
            "aws_iam_role_policy_attachment.eks-cluster-AmazonEKSServicePolicy",
            "aws_security_group.eks-cluster",
            "aws_subnet.eks-private",
            "aws_subnet.eks-public"
          ]
        }
      ]
    },
    {
      "mode": "managed",
      "type": "aws_iam_instance_profile",
      "name": "eks-node",
      "provider": "provider.aws",
      "instances": [
        {
          "schema_version": 0,
          "attributes": {
            "arn": "arn:aws:iam::653633530545:instance-profile/eks-instance-role",
            "create_date": "2019-09-27T11:05:46Z",
            "id": "eks-instance-role",
            "name": "eks-instance-role",
            "name_prefix": null,
            "path": "/",
            "role": "eks-node",
            "roles": [],
            "unique_id": "AIPAZQL4YFKYRI367T44H"
          },
          "private": "bnVsbA==",
          "depends_on": [
            "aws_iam_role.eks-node"
          ]
        }
      ]
    },
    {
      "mode": "managed",
      "type": "aws_iam_role",
      "name": "eks-cluster",
      "provider": "provider.aws",
      "instances": [
        {
          "schema_version": 0,
          "attributes": {
            "arn": "arn:aws:iam::653633530545:role/terraform-eks-cluster",
            "assume_role_policy": "{\"Version\":\"2012-10-17\",\"Statement\":[{\"Effect\":\"Allow\",\"Principal\":{\"Service\":\"eks.amazonaws.com\"},\"Action\":\"sts:AssumeRole\"}]}",
            "create_date": "2019-09-27T11:05:45Z",
            "description": "",
            "force_detach_policies": false,
            "id": "terraform-eks-cluster",
            "max_session_duration": 3600,
            "name": "terraform-eks-cluster",
            "name_prefix": null,
            "path": "/",
            "permissions_boundary": null,
            "tags": null,
            "unique_id": "AROAZQL4YFKYTCYXUA4WQ"
          },
          "private": "bnVsbA=="
        }
      ]
    },
    {
      "mode": "managed",
      "type": "aws_iam_role",
      "name": "eks-node",
      "provider": "provider.aws",
      "instances": [
        {
          "schema_version": 0,
          "attributes": {
            "arn": "arn:aws:iam::653633530545:role/eks-node",
            "assume_role_policy": "{\"Version\":\"2012-10-17\",\"Statement\":[{\"Sid\":\"\",\"Effect\":\"Allow\",\"Principal\":{\"Service\":\"ec2.amazonaws.com\"},\"Action\":\"sts:AssumeRole\"}]}",
            "create_date": "2019-09-27T11:05:45Z",
            "description": "",
            "force_detach_policies": false,
            "id": "eks-node",
            "max_session_duration": 3600,
            "name": "eks-node",
            "name_prefix": null,
            "path": "/",
            "permissions_boundary": null,
            "tags": null,
            "unique_id": "AROAZQL4YFKY3TVH6E2IF"
          },
          "private": "bnVsbA=="
        }
      ]
    },
    {
      "mode": "managed",
      "type": "aws_iam_role_policy",
      "name": "kube2iam_worker_policy",
      "provider": "provider.aws",
      "instances": [
        {
          "schema_version": 0,
          "attributes": {
            "id": "eks-node:kube2iam_worker_policy",
            "name": "kube2iam_worker_policy",
            "name_prefix": null,
            "policy": "{\n  \"Version\": \"2012-10-17\",\n  \"Statement\": [\n    {\n      \"Action\": [\n        \"sts:AssumeRole\"\n      ],\n      \"Effect\": \"Allow\",\n      \"Resource\": \"*\"\n    }\n  ]\n}\n",
            "role": "eks-node"
          },
          "private": "bnVsbA==",
          "depends_on": [
            "aws_iam_role.eks-node"
          ]
        }
      ]
    },
    {
      "mode": "managed",
      "type": "aws_iam_role_policy",
      "name": "mem_scaling_worker_policy",
      "provider": "provider.aws",
      "instances": [
        {
          "schema_version": 0,
          "attributes": {
            "id": "eks-node:mem_scaling_worker_policy",
            "name": "mem_scaling_worker_policy",
            "name_prefix": null,
            "policy": "{\n  \"Version\": \"2012-10-17\",\n  \"Statement\": [\n    {\n      \"Action\": [\n        \"cloudwatch:PutMetricData\",\n        \"ec2:DescribeTags\",\n        \"cloudwatch:GetMetricStatistics\",\n        \"cloudwatch:ListMetrics\"\n      ],\n      \"Effect\": \"Allow\",\n      \"Resource\": \"*\"\n    }\n  ]\n}\n",
            "role": "eks-node"
          },
          "private": "bnVsbA==",
          "depends_on": [
            "aws_iam_role.eks-node"
          ]
        }
      ]
    },
    {
      "mode": "managed",
      "type": "aws_iam_role_policy_attachment",
      "name": "eks-cluster-AmazonEKSClusterPolicy",
      "provider": "provider.aws",
      "instances": [
        {
          "schema_version": 0,
          "attributes": {
            "id": "terraform-eks-cluster-20190927110545635700000005",
            "policy_arn": "arn:aws:iam::aws:policy/AmazonEKSClusterPolicy",
            "role": "terraform-eks-cluster"
          },
          "private": "bnVsbA==",
          "depends_on": [
            "aws_iam_role.eks-cluster"
          ]
        }
      ]
    },
    {
      "mode": "managed",
      "type": "aws_iam_role_policy_attachment",
      "name": "eks-cluster-AmazonEKSServicePolicy",
      "provider": "provider.aws",
      "instances": [
        {
          "schema_version": 0,
          "attributes": {
            "id": "terraform-eks-cluster-20190927110545633500000004",
            "policy_arn": "arn:aws:iam::aws:policy/AmazonEKSServicePolicy",
            "role": "terraform-eks-cluster"
          },
          "private": "bnVsbA==",
          "depends_on": [
            "aws_iam_role.eks-cluster"
          ]
        }
      ]
    },
    {
      "mode": "managed",
      "type": "aws_iam_role_policy_attachment",
      "name": "eks-node-AmazonEC2ContainerRegistryReadOnly",
      "provider": "provider.aws",
      "instances": [
        {
          "schema_version": 0,
          "attributes": {
            "id": "eks-node-20190927110545601700000001",
            "policy_arn": "arn:aws:iam::aws:policy/AmazonEC2ContainerRegistryReadOnly",
            "role": "eks-node"
          },
          "private": "bnVsbA==",
          "depends_on": [
            "aws_iam_role.eks-node"
          ]
        }
      ]
    },
    {
      "mode": "managed",
      "type": "aws_iam_role_policy_attachment",
      "name": "eks-node-AmazonEKSWorkerNodePolicy",
      "provider": "provider.aws",
      "instances": [
        {
          "schema_version": 0,
          "attributes": {
            "id": "eks-node-20190927110545621400000003",
            "policy_arn": "arn:aws:iam::aws:policy/AmazonEKSWorkerNodePolicy",
            "role": "eks-node"
          },
          "private": "bnVsbA==",
          "depends_on": [
            "aws_iam_role.eks-node"
          ]
        }
      ]
    },
    {
      "mode": "managed",
      "type": "aws_iam_role_policy_attachment",
      "name": "eks-node-AmazonEKS_CNI_Policy",
      "provider": "provider.aws",
      "instances": [
        {
          "schema_version": 0,
          "attributes": {
            "id": "eks-node-20190927110545604700000002",
            "policy_arn": "arn:aws:iam::aws:policy/AmazonEKS_CNI_Policy",
            "role": "eks-node"
          },
          "private": "bnVsbA==",
          "depends_on": [
            "aws_iam_role.eks-node"
          ]
        }
      ]
    },
    {
      "mode": "managed",
      "type": "aws_internet_gateway",
      "name": "eks-igw",
      "provider": "provider.aws",
      "instances": [
        {
          "schema_version": 0,
          "attributes": {
            "id": "igw-06affc49a97c0c98d",
            "owner_id": "653633530545",
            "tags": {
              "Name": "eks-internet-gateway"
            },
            "vpc_id": "vpc-047757bf09ae73b45"
          },
          "private": "bnVsbA==",
          "depends_on": [
            "aws_vpc.eks"
          ]
        }
      ]
    },
    {
      "mode": "managed",
      "type": "aws_nat_gateway",
      "name": "nat_gw",
      "provider": "provider.aws",
      "instances": [
        {
          "schema_version": 0,
          "attributes": {
            "allocation_id": "eipalloc-09145b826e345d0e7",
            "id": "nat-0a065d78784b3bf06",
            "network_interface_id": "eni-04eac6e764031c584",
            "private_ip": "10.15.1.218",
            "public_ip": "15.188.20.161",
            "subnet_id": "subnet-0c956689b24c2927a",
            "tags": {
              "Name": "gw NAT"
            }
          },
          "private": "bnVsbA==",
          "depends_on": [
            "aws_eip.nat",
            "aws_internet_gateway.eks-igw",
            "aws_subnet.eks-public"
          ]
        }
      ]
    },
    {
      "mode": "managed",
      "type": "aws_route",
      "name": "nat_gtw",
      "provider": "provider.aws",
      "instances": [
        {
          "schema_version": 0,
          "attributes": {
            "destination_cidr_block": "0.0.0.0/0",
            "destination_ipv6_cidr_block": null,
            "destination_prefix_list_id": "",
            "egress_only_gateway_id": "",
            "gateway_id": "",
            "id": "r-rtb-0025d6ca3aa056f6f1080289494",
            "instance_id": "",
            "instance_owner_id": "",
            "nat_gateway_id": "nat-0a065d78784b3bf06",
            "network_interface_id": "",
            "origin": "CreateRoute",
            "route_table_id": "rtb-0025d6ca3aa056f6f",
            "state": "active",
            "timeouts": null,
            "transit_gateway_id": "",
            "vpc_peering_connection_id": ""
          },
          "private": "eyJlMmJmYjczMC1lY2FhLTExZTYtOGY4OC0zNDM2M2JjN2M0YzAiOnsiY3JlYXRlIjoxMjAwMDAwMDAwMDAsImRlbGV0ZSI6MzAwMDAwMDAwMDAwfX0=",
          "depends_on": [
            "aws_nat_gateway.nat_gw",
            "aws_route_table.eks-private"
          ]
        }
      ]
    },
    {
      "mode": "managed",
      "type": "aws_route_table",
      "name": "eks-private",
      "provider": "provider.aws",
      "instances": [
        {
          "schema_version": 0,
          "attributes": {
            "id": "rtb-0025d6ca3aa056f6f",
            "owner_id": "653633530545",
            "propagating_vgws": [],
            "route": [],
            "tags": {
              "Name": "route table for private subnets"
            },
            "vpc_id": "vpc-047757bf09ae73b45"
          },
          "private": "bnVsbA==",
          "depends_on": [
            "aws_vpc.eks"
          ]
        }
      ]
    },
    {
      "mode": "managed",
      "type": "aws_route_table",
      "name": "eks-public",
      "provider": "provider.aws",
      "instances": [
        {
          "schema_version": 0,
          "attributes": {
            "id": "rtb-041a2816444687255",
            "owner_id": "653633530545",
            "propagating_vgws": [],
            "route": [
              {
                "cidr_block": "0.0.0.0/0",
                "egress_only_gateway_id": "",
                "gateway_id": "igw-06affc49a97c0c98d",
                "instance_id": "",
                "ipv6_cidr_block": "",
                "nat_gateway_id": "",
                "network_interface_id": "",
                "transit_gateway_id": "",
                "vpc_peering_connection_id": ""
              }
            ],
            "tags": null,
            "vpc_id": "vpc-047757bf09ae73b45"
          },
          "private": "bnVsbA==",
          "depends_on": [
            "aws_internet_gateway.eks-igw",
            "aws_vpc.eks"
          ]
        }
      ]
    },
    {
      "mode": "managed",
      "type": "aws_route_table_association",
      "name": "eks",
      "each": "list",
      "provider": "provider.aws",
      "instances": [
        {
          "index_key": 0,
          "schema_version": 0,
          "attributes": {
            "id": "rtbassoc-07e47675f488298e8",
            "route_table_id": "rtb-041a2816444687255",
            "subnet_id": "subnet-0c956689b24c2927a"
          },
          "private": "bnVsbA==",
          "depends_on": [
            "aws_route_table.eks-public",
            "aws_subnet.eks-public"
          ]
        },
        {
          "index_key": 1,
          "schema_version": 0,
          "attributes": {
            "id": "rtbassoc-079a11390bca270ab",
            "route_table_id": "rtb-041a2816444687255",
            "subnet_id": "subnet-0de8501cda3fc4397"
          },
          "private": "bnVsbA==",
          "depends_on": [
            "aws_route_table.eks-public",
            "aws_subnet.eks-public"
          ]
        },
        {
          "index_key": 2,
          "schema_version": 0,
          "attributes": {
            "id": "rtbassoc-00092cda43071280d",
            "route_table_id": "rtb-041a2816444687255",
            "subnet_id": "subnet-0b5675abd018c4cbc"
          },
          "private": "bnVsbA==",
          "depends_on": [
            "aws_route_table.eks-public",
            "aws_subnet.eks-public"
          ]
        }
      ]
    },
    {
      "mode": "managed",
      "type": "aws_route_table_association",
      "name": "eks-private",
      "each": "list",
      "provider": "provider.aws",
      "instances": [
        {
          "index_key": 0,
          "schema_version": 0,
          "attributes": {
            "id": "rtbassoc-0c223a66cf7009cf9",
            "route_table_id": "rtb-0025d6ca3aa056f6f",
            "subnet_id": "subnet-09397e525f1b53dff"
          },
          "private": "bnVsbA==",
          "depends_on": [
            "aws_route_table.eks-private",
            "aws_subnet.eks-private"
          ]
        },
        {
          "index_key": 1,
          "schema_version": 0,
          "attributes": {
            "id": "rtbassoc-084afe5077613e344",
            "route_table_id": "rtb-0025d6ca3aa056f6f",
            "subnet_id": "subnet-08ce04eeeba2537ef"
          },
          "private": "bnVsbA==",
          "depends_on": [
            "aws_route_table.eks-private",
            "aws_subnet.eks-private"
          ]
        },
        {
          "index_key": 2,
          "schema_version": 0,
          "attributes": {
            "id": "rtbassoc-09ca5f865778eac22",
            "route_table_id": "rtb-0025d6ca3aa056f6f",
            "subnet_id": "subnet-05ea3c658b2ff8494"
          },
          "private": "bnVsbA==",
          "depends_on": [
            "aws_route_table.eks-private",
            "aws_subnet.eks-private"
          ]
        }
      ]
    },
    {
      "mode": "managed",
      "type": "aws_security_group",
      "name": "eks-cluster",
      "provider": "provider.aws",
      "instances": [
        {
          "schema_version": 1,
          "attributes": {
            "arn": "arn:aws:ec2:eu-west-3:653633530545:security-group/sg-0e653f1e6b44023de",
            "description": "Cluster communication with worker nodes",
            "egress": [
              {
                "cidr_blocks": [
                  "0.0.0.0/0"
                ],
                "description": "",
                "from_port": 0,
                "ipv6_cidr_blocks": [],
                "prefix_list_ids": [],
                "protocol": "-1",
                "security_groups": [],
                "self": false,
                "to_port": 0
              }
            ],
            "id": "sg-0e653f1e6b44023de",
            "ingress": [],
            "name": "terraform-eks-cluster",
            "name_prefix": null,
            "owner_id": "653633530545",
            "revoke_rules_on_delete": false,
            "tags": {
              "Name": "EKS - kubernetes master sg"
            },
            "timeouts": null,
            "vpc_id": "vpc-047757bf09ae73b45"
          },
          "private": "eyJlMmJmYjczMC1lY2FhLTExZTYtOGY4OC0zNDM2M2JjN2M0YzAiOnsiY3JlYXRlIjo2MDAwMDAwMDAwMDAsImRlbGV0ZSI6NjAwMDAwMDAwMDAwfSwic2NoZW1hX3ZlcnNpb24iOiIxIn0=",
          "depends_on": [
            "aws_vpc.eks"
          ]
        }
      ]
    },
    {
      "mode": "managed",
      "type": "aws_security_group",
      "name": "eks-node",
      "provider": "provider.aws",
      "instances": [
        {
          "schema_version": 1,
          "attributes": {
            "arn": "arn:aws:ec2:eu-west-3:653633530545:security-group/sg-0b90e7e527c0b6946",
            "description": "Security group for all nodes in the cluster",
            "egress": [
              {
                "cidr_blocks": [
                  "0.0.0.0/0"
                ],
                "description": "",
                "from_port": 0,
                "ipv6_cidr_blocks": [],
                "prefix_list_ids": [],
                "protocol": "-1",
                "security_groups": [],
                "self": false,
                "to_port": 0
              }
            ],
            "id": "sg-0b90e7e527c0b6946",
            "ingress": [],
            "name": "eks-worker-node",
            "name_prefix": null,
            "owner_id": "653633530545",
            "revoke_rules_on_delete": false,
            "tags": {
              "Name": "eks-worker-node-sg",
              "kubernetes.io/cluster/eks-demo": "owned"
            },
            "timeouts": null,
            "vpc_id": "vpc-047757bf09ae73b45"
          },
          "private": "eyJlMmJmYjczMC1lY2FhLTExZTYtOGY4OC0zNDM2M2JjN2M0YzAiOnsiY3JlYXRlIjo2MDAwMDAwMDAwMDAsImRlbGV0ZSI6NjAwMDAwMDAwMDAwfSwic2NoZW1hX3ZlcnNpb24iOiIxIn0=",
          "depends_on": [
            "aws_vpc.eks"
          ]
        }
      ]
    },
    {
      "mode": "managed",
      "type": "aws_security_group_rule",
      "name": "eks-cluster-ingress-node-https",
      "provider": "provider.aws",
      "instances": [
        {
          "schema_version": 2,
          "attributes": {
            "cidr_blocks": null,
            "description": "Allow pods to communicate with the cluster API Server",
            "from_port": 443,
            "id": "sgrule-1214013347",
            "ipv6_cidr_blocks": null,
            "prefix_list_ids": null,
            "protocol": "tcp",
            "security_group_id": "sg-0e653f1e6b44023de",
            "self": false,
            "source_security_group_id": "sg-0b90e7e527c0b6946",
            "to_port": 443,
            "type": "ingress"
          },
          "private": "eyJzY2hlbWFfdmVyc2lvbiI6IjIifQ==",
          "depends_on": [
            "aws_security_group.eks-cluster",
            "aws_security_group.eks-node"
          ]
        }
      ]
    },
    {
      "mode": "managed",
      "type": "aws_security_group_rule",
      "name": "eks-cluster-ingress-workstation-https",
      "provider": "provider.aws",
      "instances": [
        {
          "schema_version": 2,
          "attributes": {
            "cidr_blocks": [
              "213.58.201.38/32"
            ],
            "description": "Allow workstation to communicate with the cluster API Server",
            "from_port": 443,
            "id": "sgrule-283777196",
            "ipv6_cidr_blocks": null,
            "prefix_list_ids": null,
            "protocol": "tcp",
            "security_group_id": "sg-0e653f1e6b44023de",
            "self": false,
            "source_security_group_id": null,
            "to_port": 443,
            "type": "ingress"
          },
          "private": "eyJzY2hlbWFfdmVyc2lvbiI6IjIifQ==",
          "depends_on": [
            "aws_security_group.eks-cluster"
          ]
        }
      ]
    },
    {
      "mode": "managed",
      "type": "aws_security_group_rule",
      "name": "eks-node-ingress-cluster",
      "provider": "provider.aws",
      "instances": [
        {
          "schema_version": 2,
          "attributes": {
            "cidr_blocks": null,
            "description": "Allow worker Kubelets and pods to receive communication from the cluster control plane",
            "from_port": 1025,
            "id": "sgrule-414552174",
            "ipv6_cidr_blocks": null,
            "prefix_list_ids": null,
            "protocol": "tcp",
            "security_group_id": "sg-0b90e7e527c0b6946",
            "self": false,
            "source_security_group_id": "sg-0e653f1e6b44023de",
            "to_port": 65535,
            "type": "ingress"
          },
          "private": "eyJzY2hlbWFfdmVyc2lvbiI6IjIifQ==",
          "depends_on": [
            "aws_security_group.eks-cluster",
            "aws_security_group.eks-node"
          ]
        }
      ]
    },
    {
      "mode": "managed",
      "type": "aws_security_group_rule",
      "name": "eks-node-ingress-hpa",
      "provider": "provider.aws",
      "instances": [
        {
          "schema_version": 2,
          "attributes": {
            "cidr_blocks": null,
            "description": "Allow HPA to receive communication from the cluster control plane",
            "from_port": 443,
            "id": "sgrule-1822752609",
            "ipv6_cidr_blocks": null,
            "prefix_list_ids": null,
            "protocol": "tcp",
            "security_group_id": "sg-0b90e7e527c0b6946",
            "self": false,
            "source_security_group_id": "sg-0e653f1e6b44023de",
            "to_port": 443,
            "type": "ingress"
          },
          "private": "eyJzY2hlbWFfdmVyc2lvbiI6IjIifQ==",
          "depends_on": [
            "aws_security_group.eks-cluster",
            "aws_security_group.eks-node"
          ]
        }
      ]
    },
    {
      "mode": "managed",
      "type": "aws_security_group_rule",
      "name": "eks-node-ingress-self",
      "provider": "provider.aws",
      "instances": [
        {
          "schema_version": 2,
          "attributes": {
            "cidr_blocks": null,
            "description": "Allow node to communicate with each other",
            "from_port": 0,
            "id": "sgrule-717199066",
            "ipv6_cidr_blocks": null,
            "prefix_list_ids": null,
            "protocol": "-1",
            "security_group_id": "sg-0b90e7e527c0b6946",
            "self": false,
            "source_security_group_id": "sg-0b90e7e527c0b6946",
            "to_port": 65535,
            "type": "ingress"
          },
          "private": "eyJzY2hlbWFfdmVyc2lvbiI6IjIifQ==",
          "depends_on": [
            "aws_security_group.eks-node"
          ]
        }
      ]
    },
    {
      "mode": "managed",
      "type": "aws_subnet",
      "name": "eks-private",
      "each": "list",
      "provider": "provider.aws",
      "instances": [
        {
          "index_key": 0,
          "schema_version": 1,
          "attributes": {
            "arn": "arn:aws:ec2:eu-west-3:653633530545:subnet/subnet-09397e525f1b53dff",
            "assign_ipv6_address_on_creation": false,
            "availability_zone": "eu-west-3a",
            "availability_zone_id": "euw3-az1",
            "cidr_block": "10.15.12.0/22",
            "id": "subnet-09397e525f1b53dff",
            "ipv6_cidr_block": "",
            "ipv6_cidr_block_association_id": "",
            "map_public_ip_on_launch": false,
            "owner_id": "653633530545",
            "tags": {
              "Name": "eks-private-subnet",
              "kubernetes.io/cluster/eks-demo": "shared",
              "kubernetes.io/role/internal-elb": "1"
            },
            "timeouts": null,
            "vpc_id": "vpc-047757bf09ae73b45"
          },
          "private": "eyJlMmJmYjczMC1lY2FhLTExZTYtOGY4OC0zNDM2M2JjN2M0YzAiOnsiY3JlYXRlIjo2MDAwMDAwMDAwMDAsImRlbGV0ZSI6MTIwMDAwMDAwMDAwMH0sInNjaGVtYV92ZXJzaW9uIjoiMSJ9",
          "depends_on": [
            "aws_vpc.eks",
            "data.aws_availability_zones.available"
          ]
        },
        {
          "index_key": 1,
          "schema_version": 1,
          "attributes": {
            "arn": "arn:aws:ec2:eu-west-3:653633530545:subnet/subnet-08ce04eeeba2537ef",
            "assign_ipv6_address_on_creation": false,
            "availability_zone": "eu-west-3b",
            "availability_zone_id": "euw3-az2",
            "cidr_block": "10.15.16.0/22",
            "id": "subnet-08ce04eeeba2537ef",
            "ipv6_cidr_block": "",
            "ipv6_cidr_block_association_id": "",
            "map_public_ip_on_launch": false,
            "owner_id": "653633530545",
            "tags": {
              "Name": "eks-private-subnet",
              "kubernetes.io/cluster/eks-demo": "shared",
              "kubernetes.io/role/internal-elb": "1"
            },
            "timeouts": null,
            "vpc_id": "vpc-047757bf09ae73b45"
          },
          "private": "eyJlMmJmYjczMC1lY2FhLTExZTYtOGY4OC0zNDM2M2JjN2M0YzAiOnsiY3JlYXRlIjo2MDAwMDAwMDAwMDAsImRlbGV0ZSI6MTIwMDAwMDAwMDAwMH0sInNjaGVtYV92ZXJzaW9uIjoiMSJ9",
          "depends_on": [
            "aws_vpc.eks",
            "data.aws_availability_zones.available"
          ]
        },
        {
          "index_key": 2,
          "schema_version": 1,
          "attributes": {
            "arn": "arn:aws:ec2:eu-west-3:653633530545:subnet/subnet-05ea3c658b2ff8494",
            "assign_ipv6_address_on_creation": false,
            "availability_zone": "eu-west-3c",
            "availability_zone_id": "euw3-az3",
            "cidr_block": "10.15.20.0/22",
            "id": "subnet-05ea3c658b2ff8494",
            "ipv6_cidr_block": "",
            "ipv6_cidr_block_association_id": "",
            "map_public_ip_on_launch": false,
            "owner_id": "653633530545",
            "tags": {
              "Name": "eks-private-subnet",
              "kubernetes.io/cluster/eks-demo": "shared",
              "kubernetes.io/role/internal-elb": "1"
            },
            "timeouts": null,
            "vpc_id": "vpc-047757bf09ae73b45"
          },
          "private": "eyJlMmJmYjczMC1lY2FhLTExZTYtOGY4OC0zNDM2M2JjN2M0YzAiOnsiY3JlYXRlIjo2MDAwMDAwMDAwMDAsImRlbGV0ZSI6MTIwMDAwMDAwMDAwMH0sInNjaGVtYV92ZXJzaW9uIjoiMSJ9",
          "depends_on": [
            "aws_vpc.eks",
            "data.aws_availability_zones.available"
          ]
        }
      ]
    },
    {
      "mode": "managed",
      "type": "aws_subnet",
      "name": "eks-public",
      "each": "list",
      "provider": "provider.aws",
      "instances": [
        {
          "index_key": 0,
          "schema_version": 1,
          "attributes": {
            "arn": "arn:aws:ec2:eu-west-3:653633530545:subnet/subnet-0c956689b24c2927a",
            "assign_ipv6_address_on_creation": false,
            "availability_zone": "eu-west-3a",
            "availability_zone_id": "euw3-az1",
            "cidr_block": "10.15.0.0/22",
            "id": "subnet-0c956689b24c2927a",
            "ipv6_cidr_block": "",
            "ipv6_cidr_block_association_id": "",
            "map_public_ip_on_launch": false,
            "owner_id": "653633530545",
            "tags": {
              "Name": "eks-public-subnet",
              "kubernetes.io/cluster/eks-demo": "shared"
            },
            "timeouts": null,
            "vpc_id": "vpc-047757bf09ae73b45"
          },
          "private": "eyJlMmJmYjczMC1lY2FhLTExZTYtOGY4OC0zNDM2M2JjN2M0YzAiOnsiY3JlYXRlIjo2MDAwMDAwMDAwMDAsImRlbGV0ZSI6MTIwMDAwMDAwMDAwMH0sInNjaGVtYV92ZXJzaW9uIjoiMSJ9",
          "depends_on": [
            "aws_vpc.eks",
            "data.aws_availability_zones.available"
          ]
        },
        {
          "index_key": 1,
          "schema_version": 1,
          "attributes": {
            "arn": "arn:aws:ec2:eu-west-3:653633530545:subnet/subnet-0de8501cda3fc4397",
            "assign_ipv6_address_on_creation": false,
            "availability_zone": "eu-west-3b",
            "availability_zone_id": "euw3-az2",
            "cidr_block": "10.15.4.0/22",
            "id": "subnet-0de8501cda3fc4397",
            "ipv6_cidr_block": "",
            "ipv6_cidr_block_association_id": "",
            "map_public_ip_on_launch": false,
            "owner_id": "653633530545",
            "tags": {
              "Name": "eks-public-subnet",
              "kubernetes.io/cluster/eks-demo": "shared"
            },
            "timeouts": null,
            "vpc_id": "vpc-047757bf09ae73b45"
          },
          "private": "eyJlMmJmYjczMC1lY2FhLTExZTYtOGY4OC0zNDM2M2JjN2M0YzAiOnsiY3JlYXRlIjo2MDAwMDAwMDAwMDAsImRlbGV0ZSI6MTIwMDAwMDAwMDAwMH0sInNjaGVtYV92ZXJzaW9uIjoiMSJ9",
          "depends_on": [
            "aws_vpc.eks",
            "data.aws_availability_zones.available"
          ]
        },
        {
          "index_key": 2,
          "schema_version": 1,
          "attributes": {
            "arn": "arn:aws:ec2:eu-west-3:653633530545:subnet/subnet-0b5675abd018c4cbc",
            "assign_ipv6_address_on_creation": false,
            "availability_zone": "eu-west-3c",
            "availability_zone_id": "euw3-az3",
            "cidr_block": "10.15.8.0/22",
            "id": "subnet-0b5675abd018c4cbc",
            "ipv6_cidr_block": "",
            "ipv6_cidr_block_association_id": "",
            "map_public_ip_on_launch": false,
            "owner_id": "653633530545",
            "tags": {
              "Name": "eks-public-subnet",
              "kubernetes.io/cluster/eks-demo": "shared"
            },
            "timeouts": null,
            "vpc_id": "vpc-047757bf09ae73b45"
          },
          "private": "eyJlMmJmYjczMC1lY2FhLTExZTYtOGY4OC0zNDM2M2JjN2M0YzAiOnsiY3JlYXRlIjo2MDAwMDAwMDAwMDAsImRlbGV0ZSI6MTIwMDAwMDAwMDAwMH0sInNjaGVtYV92ZXJzaW9uIjoiMSJ9",
          "depends_on": [
            "aws_vpc.eks",
            "data.aws_availability_zones.available"
          ]
        }
      ]
    },
    {
      "mode": "managed",
      "type": "aws_vpc",
      "name": "eks",
      "provider": "provider.aws",
      "instances": [
        {
          "schema_version": 1,
          "attributes": {
            "arn": "arn:aws:ec2:eu-west-3:653633530545:vpc/vpc-047757bf09ae73b45",
            "assign_generated_ipv6_cidr_block": false,
            "cidr_block": "10.15.0.0/19",
            "default_network_acl_id": "acl-0d1ae96f3f31eeb26",
            "default_route_table_id": "rtb-05f4acef9aaaed314",
            "default_security_group_id": "sg-023ad043becf84d45",
            "dhcp_options_id": "dopt-9d2feaf4",
            "enable_classiclink": null,
            "enable_classiclink_dns_support": null,
            "enable_dns_hostnames": true,
            "enable_dns_support": true,
            "id": "vpc-047757bf09ae73b45",
            "instance_tenancy": "default",
            "ipv6_association_id": "",
            "ipv6_cidr_block": "",
            "main_route_table_id": "rtb-05f4acef9aaaed314",
            "owner_id": "653633530545",
            "tags": {
              "Name": "eks-vpc",
              "kubernetes.io/cluster/eks-demo": "shared"
            }
          },
          "private": "eyJzY2hlbWFfdmVyc2lvbiI6IjEifQ=="
        }
      ]
    },
    {
      "mode": "managed",
      "type": "aws_vpn_gateway",
      "name": "vpn_gw",
      "provider": "provider.aws",
      "instances": [
        {
          "schema_version": 0,
          "attributes": {
            "amazon_side_asn": "64512",
            "availability_zone": null,
            "id": "vgw-07725867e64832a37",
            "tags": {
              "Name": "eks aws vpn gateway"
            },
            "vpc_id": "vpc-047757bf09ae73b45"
          },
          "private": "bnVsbA==",
          "depends_on": [
            "aws_vpc.eks"
          ]
        }
      ]
    }
  ]
}
